
Microsoft Visual Studio Solution File, Format Version 12.00
# Visual Studio Version 17
VisualStudioVersion = 17.5.33502.453
MinimumVisualStudioVersion = 10.0.40219.1
Project("{9A19103F-16F7-4668-BE54-9A1E7A4F7556}") = "RockPaperScissorsSpockLizard", "RockPaperScissorsSpockLizard.csproj", "{AFB99628-B63F-4AF9-8C3A-29914AB627CF}"
EndProject
Project("{FAE04EC0-301F-11D3-BF4B-00C04F79EFBC}") = "RockPaperScissorsSpockLizard.UnitTests", "..\RockPaperScissorsSpockLizard.UnitTests\RockPaperScissorsSpockLizard.UnitTests.csproj", "{E47ACC72-B1A6-4EBB-B289-094F37E4D757}"
EndProject
Global
	GlobalSection(SolutionConfigurationPlatforms) = preSolution
		Debug|Any CPU = Debug|Any CPU
		Release|Any CPU = Release|Any CPU
	EndGlobalSection
	GlobalSection(ProjectConfigurationPlatforms) = postSolution
		{AFB99628-B63F-4AF9-8C3A-29914AB627CF}.Debug|Any CPU.ActiveCfg = Debug|Any CPU
		{AFB99628-B63F-4AF9-8C3A-29914AB627CF}.Debug|Any CPU.Build.0 = Debug|Any CPU
		{AFB99628-B63F-4AF9-8C3A-29914AB627CF}.Release|Any CPU.ActiveCfg = Release|Any CPU
		{AFB99628-B63F-4AF9-8C3A-29914AB627CF}.Release|Any CPU.Build.0 = Release|Any CPU
		{E47ACC72-B1A6-4EBB-B289-094F37E4D757}.Debug|Any CPU.ActiveCfg = Debug|Any CPU
		{E47ACC72-B1A6-4EBB-B289-094F37E4D757}.Debug|Any CPU.Build.0 = Debug|Any CPU
		{E47ACC72-B1A6-4EBB-B289-094F37E4D757}.Release|Any CPU.ActiveCfg = Release|Any CPU
		{E47ACC72-B1A6-4EBB-B289-094F37E4D757}.Release|Any CPU.Build.0 = Release|Any CPU
	EndGlobalSection
	GlobalSection(SolutionProperties) = preSolution
		HideSolutionNode = FALSE
	EndGlobalSection
	GlobalSection(ExtensibilityGlobals) = postSolution
		SolutionGuid = {CA8A25E0-CAB1-4461-ABE6-3352C5F055AD}
	EndGlobalSection
EndGlobal
